
Microsoft Visual Studio Solution File, Format Version 9.00
# Visual C++ Express 2005
Project("{8BC9CEB8-8B4A-11D0-8D11-00A0C91BC942}") = "skyutils", "skyutils.vcproj", "{0515AB99-B05C-4C10-8E0E-5E0EDD682FAF}"
EndProject
Global
	GlobalSection(SolutionConfigurationPlatforms) = preSolution
		Debug DLL|Win32 = Debug DLL|Win32
		Debug SSL DLL|Win32 = Debug SSL DLL|Win32
		Debug SSL|Win32 = Debug SSL|Win32
		Debug|Win32 = Debug|Win32
		Release DLL|Win32 = Release DLL|Win32
		Release SSL DLL|Win32 = Release SSL DLL|Win32
		Release SSL|Win32 = Release SSL|Win32
		Release|Win32 = Release|Win32
	EndGlobalSection
	GlobalSection(ProjectConfigurationPlatforms) = postSolution
		{0515AB99-B05C-4C10-8E0E-5E0EDD682FAF}.Debug DLL|Win32.ActiveCfg = Debug DLL|Win32
		{0515AB99-B05C-4C10-8E0E-5E0EDD682FAF}.Debug DLL|Win32.Build.0 = Debug DLL|Win32
		{0515AB99-B05C-4C10-8E0E-5E0EDD682FAF}.Debug SSL DLL|Win32.ActiveCfg = Debug SSL DLL|Win32
		{0515AB99-B05C-4C10-8E0E-5E0EDD682FAF}.Debug SSL DLL|Win32.Build.0 = Debug SSL DLL|Win32
		{0515AB99-B05C-4C10-8E0E-5E0EDD682FAF}.Debug SSL|Win32.ActiveCfg = Debug SSL|Win32
		{0515AB99-B05C-4C10-8E0E-5E0EDD682FAF}.Debug SSL|Win32.Build.0 = Debug SSL|Win32
		{0515AB99-B05C-4C10-8E0E-5E0EDD682FAF}.Debug|Win32.ActiveCfg = Debug|Win32
		{0515AB99-B05C-4C10-8E0E-5E0EDD682FAF}.Debug|Win32.Build.0 = Debug|Win32
		{0515AB99-B05C-4C10-8E0E-5E0EDD682FAF}.Release DLL|Win32.ActiveCfg = Release DLL|Win32
		{0515AB99-B05C-4C10-8E0E-5E0EDD682FAF}.Release DLL|Win32.Build.0 = Release DLL|Win32
		{0515AB99-B05C-4C10-8E0E-5E0EDD682FAF}.Release SSL DLL|Win32.ActiveCfg = Release SSL DLL|Win32
		{0515AB99-B05C-4C10-8E0E-5E0EDD682FAF}.Release SSL DLL|Win32.Build.0 = Release SSL DLL|Win32
		{0515AB99-B05C-4C10-8E0E-5E0EDD682FAF}.Release SSL|Win32.ActiveCfg = Release SSL|Win32
		{0515AB99-B05C-4C10-8E0E-5E0EDD682FAF}.Release SSL|Win32.Build.0 = Release SSL|Win32
		{0515AB99-B05C-4C10-8E0E-5E0EDD682FAF}.Release|Win32.ActiveCfg = Release|Win32
		{0515AB99-B05C-4C10-8E0E-5E0EDD682FAF}.Release|Win32.Build.0 = Release|Win32
	EndGlobalSection
	GlobalSection(SolutionProperties) = preSolution
		HideSolutionNode = FALSE
	EndGlobalSection
EndGlobal
